// !$*UTF8*$!
{
	archiveVersion = 1;
	classes = {
	};
	objectVersion = 55;
	objects = {

/* Begin PBXBuildFile section */
		3964FBC9291E874A00110A7C /* BadgeBackground.swift in Sources */ = {isa = PBXBuildFile; fileRef = 3964FBC8291E874A00110A7C /* BadgeBackground.swift */; };
		39AC0A9A291E81F70038CE21 /* badgeApp.swift in Sources */ = {isa = PBXBuildFile; fileRef = 39AC0A99291E81F70038CE21 /* badgeApp.swift */; };
		39AC0A9C291E81F70038CE21 /* ContentView.swift in Sources */ = {isa = PBXBuildFile; fileRef = 39AC0A9B291E81F70038CE21 /* ContentView.swift */; };
		39AC0A9E291E81FB0038CE21 /* Assets.xcassets in Resources */ = {isa = PBXBuildFile; fileRef = 39AC0A9D291E81FB0038CE21 /* Assets.xcassets */; };
		39AC0AA1291E81FB0038CE21 /* Preview Assets.xcassets in Resources */ = {isa = PBXBuildFile; fileRef = 39AC0AA0291E81FB0038CE21 /* Preview Assets.xcassets */; };
		39AC0AAB291E81FB0038CE21 /* badgeTests.swift in Sources */ = {isa = PBXBuildFile; fileRef = 39AC0AAA291E81FB0038CE21 /* badgeTests.swift */; };
		39AC0AB5291E81FB0038CE21 /* badgeUITests.swift in Sources */ = {isa = PBXBuildFile; fileRef = 39AC0AB4291E81FB0038CE21 /* badgeUITests.swift */; };
		39AC0AB7291E81FB0038CE21 /* badgeUITestsLaunchTests.swift in Sources */ = {isa = PBXBuildFile; fileRef = 39AC0AB6291E81FB0038CE21 /* badgeUITestsLaunchTests.swift */; };
/* End PBXBuildFile section */

/* Begin PBXContainerItemProxy section */
		39AC0AA7291E81FB0038CE21 /* PBXContainerItemProxy */ = {
			isa = PBXContainerItemProxy;
			containerPortal = 39AC0A8E291E81F60038CE21 /* Project object */;
			proxyType = 1;
			remoteGlobalIDString = 39AC0A95291E81F60038CE21;
			remoteInfo = badge;
		};
		39AC0AB1291E81FB0038CE21 /* PBXContainerItemProxy */ = {
			isa = PBXContainerItemProxy;
			containerPortal = 39AC0A8E291E81F60038CE21 /* Project object */;
			proxyType = 1;
			remoteGlobalIDString = 39AC0A95291E81F60038CE21;
			remoteInfo = badge;
		};
/* End PBXContainerItemProxy section */

/* Begin PBXFileReference section */
		3964FBC8291E874A00110A7C /* BadgeBackground.swift */ = {isa = PBXFileReference; lastKnownFileType = sourcecode.swift; path = BadgeBackground.swift; sourceTree = "<group>"; };
		39AC0A96291E81F60038CE21 /* badge.app */ = {isa = PBXFileReference; explicitFileType = wrapper.application; includeInIndex = 0; path = badge.app; sourceTree = BUILT_PRODUCTS_DIR; };
		39AC0A99291E81F70038CE21 /* badgeApp.swift */ = {isa = PBXFileReference; lastKnownFileType = sourcecode.swift; path = badgeApp.swift; sourceTree = "<group>"; };
		39AC0A9B291E81F70038CE21 /* ContentView.swift */ = {isa = PBXFileReference; lastKnownFileType = sourcecode.swift; path = ContentView.swift; sourceTree = "<group>"; };
		39AC0A9D291E81FB0038CE21 /* Assets.xcassets */ = {isa = PBXFileReference; lastKnownFileType = folder.assetcatalog; path = Assets.xcassets; sourceTree = "<group>"; };
		39AC0AA0291E81FB0038CE21 /* Preview Assets.xcassets */ = {isa = PBXFileReference; lastKnownFileType = folder.assetcatalog; path = "Preview Assets.xcassets"; sourceTree = "<group>"; };
		39AC0AA6291E81FB0038CE21 /* badgeTests.xctest */ = {isa = PBXFileReference; explicitFileType = wrapper.cfbundle; includeInIndex = 0; path = badgeTests.xctest; sourceTree = BUILT_PRODUCTS_DIR; };
		39AC0AAA291E81FB0038CE21 /* badgeTests.swift */ = {isa = PBXFileReference; lastKnownFileType = sourcecode.swift; path = badgeTests.swift; sourceTree = "<group>"; };
		39AC0AB0291E81FB0038CE21 /* badgeUITests.xctest */ = {isa = PBXFileReference; explicitFileType = wrapper.cfbundle; includeInIndex = 0; path = badgeUITests.xctest; sourceTree = BUILT_PRODUCTS_DIR; };
		39AC0AB4291E81FB0038CE21 /* badgeUITests.swift */ = {isa = PBXFileReference; lastKnownFileType = sourcecode.swift; path = badgeUITests.swift; sourceTree = "<group>"; };
		39AC0AB6291E81FB0038CE21 /* badgeUITestsLaunchTests.swift */ = {isa = PBXFileReference; lastKnownFileType = sourcecode.swift; path = badgeUITestsLaunchTests.swift; sourceTree = "<group>"; };
/* End PBXFileReference section */

/* Begin PBXFrameworksBuildPhase section */
		39AC0A93291E81F60038CE21 /* Frameworks */ = {
			isa = PBXFrameworksBuildPhase;
			buildActionMask = 2147483647;
			files = (
			);
			runOnlyForDeploymentPostprocessing = 0;
		};
		39AC0AA3291E81FB0038CE21 /* Frameworks */ = {
			isa = PBXFrameworksBuildPhase;
			buildActionMask = 2147483647;
			files = (
			);
			runOnlyForDeploymentPostprocessing = 0;
		};
		39AC0AAD291E81FB0038CE21 /* Frameworks */ = {
			isa = PBXFrameworksBuildPhase;
			buildActionMask = 2147483647;
			files = (
			);
			runOnlyForDeploymentPostprocessing = 0;
		};
/* End PBXFrameworksBuildPhase section */

/* Begin PBXGroup section */
		39AC0A8D291E81F60038CE21 = {
			isa = PBXGroup;
			children = (
				39AC0A98291E81F60038CE21 /* badge */,
				39AC0AA9291E81FB0038CE21 /* badgeTests */,
				39AC0AB3291E81FB0038CE21 /* badgeUITests */,
				39AC0A97291E81F60038CE21 /* Products */,
			);
			sourceTree = "<group>";
		};
		39AC0A97291E81F60038CE21 /* Products */ = {
			isa = PBXGroup;
			children = (
				39AC0A96291E81F60038CE21 /* badge.app */,
				39AC0AA6291E81FB0038CE21 /* badgeTests.xctest */,
				39AC0AB0291E81FB0038CE21 /* badgeUITests.xctest */,
			);
			name = Products;
			sourceTree = "<group>";
		};
		39AC0A98291E81F60038CE21 /* badge */ = {
			isa = PBXGroup;
			children = (
				39AC0A99291E81F70038CE21 /* badgeApp.swift */,
				39AC0A9B291E81F70038CE21 /* ContentView.swift */,
				3964FBC8291E874A00110A7C /* BadgeBackground.swift */,
				39AC0A9D291E81FB0038CE21 /* Assets.xcassets */,
				39AC0A9F291E81FB0038CE21 /* Preview Content */,
			);
			path = badge;
			sourceTree = "<group>";
		};
		39AC0A9F291E81FB0038CE21 /* Preview Content */ = {
			isa = PBXGroup;
			children = (
				39AC0AA0291E81FB0038CE21 /* Preview Assets.xcassets */,
			);
			path = "Preview Content";
			sourceTree = "<group>";
		};
		39AC0AA9291E81FB0038CE21 /* badgeTests */ = {
			isa = PBXGroup;
			children = (
				39AC0AAA291E81FB0038CE21 /* badgeTests.swift */,
			);
			path = badgeTests;
			sourceTree = "<group>";
		};
		39AC0AB3291E81FB0038CE21 /* badgeUITests */ = {
			isa = PBXGroup;
			children = (
				39AC0AB4291E81FB0038CE21 /* badgeUITests.swift */,
				39AC0AB6291E81FB0038CE21 /* badgeUITestsLaunchTests.swift */,
			);
			path = badgeUITests;
			sourceTree = "<group>";
		};
/* End PBXGroup section */

/* Begin PBXNativeTarget section */
		39AC0A95291E81F60038CE21 /* badge */ = {
			isa = PBXNativeTarget;
			buildConfigurationList = 39AC0ABA291E81FB0038CE21 /* Build configuration list for PBXNativeTarget "badge" */;
			buildPhases = (
				39AC0A92291E81F60038CE21 /* Sources */,
				39AC0A93291E81F60038CE21 /* Frameworks */,
				39AC0A94291E81F60038CE21 /* Resources */,
			);
			buildRules = (
			);
			dependencies = (
			);
			name = badge;
			productName = badge;
			productReference = 39AC0A96291E81F60038CE21 /* badge.app */;
			productType = "com.apple.product-type.application";
		};
		39AC0AA5291E81FB0038CE21 /* badgeTests */ = {
			isa = PBXNativeTarget;
			buildConfigurationList = 39AC0ABD291E81FB0038CE21 /* Build configuration list for PBXNativeTarget "badgeTests" */;
			buildPhases = (
				39AC0AA2291E81FB0038CE21 /* Sources */,
				39AC0AA3291E81FB0038CE21 /* Frameworks */,
				39AC0AA4291E81FB0038CE21 /* Resources */,
			);
			buildRules = (
			);
			dependencies = (
				39AC0AA8291E81FB0038CE21 /* PBXTargetDependency */,
			);
			name = badgeTests;
			productName = badgeTests;
			productReference = 39AC0AA6291E81FB0038CE21 /* badgeTests.xctest */;
			productType = "com.apple.product-type.bundle.unit-test";
		};
		39AC0AAF291E81FB0038CE21 /* badgeUITests */ = {
			isa = PBXNativeTarget;
			buildConfigurationList = 39AC0AC0291E81FB0038CE21 /* Build configuration list for PBXNativeTarget "badgeUITests" */;
			buildPhases = (
				39AC0AAC291E81FB0038CE21 /* Sources */,
				39AC0AAD291E81FB0038CE21 /* Frameworks */,
				39AC0AAE291E81FB0038CE21 /* Resources */,
			);
			buildRules = (
			);
			dependencies = (
				39AC0AB2291E81FB0038CE21 /* PBXTargetDependency */,
			);
			name = badgeUITests;
			productName = badgeUITests;
			productReference = 39AC0AB0291E81FB0038CE21 /* badgeUITests.xctest */;
			productType = "com.apple.product-type.bundle.ui-testing";
		};
/* End PBXNativeTarget section */

/* Begin PBXProject section */
		39AC0A8E291E81F60038CE21 /* Project object */ = {
			isa = PBXProject;
			attributes = {
				BuildIndependentTargetsInParallel = 1;
				LastSwiftUpdateCheck = 1320;
				LastUpgradeCheck = 1320;
				TargetAttributes = {
					39AC0A95291E81F60038CE21 = {
						CreatedOnToolsVersion = 13.2.1;
					};
					39AC0AA5291E81FB0038CE21 = {
						CreatedOnToolsVersion = 13.2.1;
						TestTargetID = 39AC0A95291E81F60038CE21;
					};
					39AC0AAF291E81FB0038CE21 = {
						CreatedOnToolsVersion = 13.2.1;
						TestTargetID = 39AC0A95291E81F60038CE21;
					};
				};
			};
			buildConfigurationList = 39AC0A91291E81F60038CE21 /* Build configuration list for PBXProject "badge" */;
			compatibilityVersion = "Xcode 13.0";
			developmentRegion = en;
			hasScannedForEncodings = 0;
			knownRegions = (
				en,
				Base,
			);
			mainGroup = 39AC0A8D291E81F60038CE21;
			productRefGroup = 39AC0A97291E81F60038CE21 /* Products */;
			projectDirPath = "";
			projectRoot = "";
			targets = (
				39AC0A95291E81F60038CE21 /* badge */,
				39AC0AA5291E81FB0038CE21 /* badgeTests */,
				39AC0AAF291E81FB0038CE21 /* badgeUITests */,
			);
		};
/* End PBXProject section */

/* Begin PBXResourcesBuildPhase section */
		39AC0A94291E81F60038CE21 /* Resources */ = {
			isa = PBXResourcesBuildPhase;
			buildActionMask = 2147483647;
			files = (
				39AC0AA1291E81FB0038CE21 /* Preview Assets.xcassets in Resources */,
				39AC0A9E291E81FB0038CE21 /* Assets.xcassets in Resources */,
			);
			runOnlyForDeploymentPostprocessing = 0;
		};
		39AC0AA4291E81FB0038CE21 /* Resources */ = {
			isa = PBXResourcesBuildPhase;
			buildActionMask = 2147483647;
			files = (
			);
			runOnlyForDeploymentPostprocessing = 0;
		};
		39AC0AAE291E81FB0038CE21 /* Resources */ = {
			isa = PBXResourcesBuildPhase;
			buildActionMask = 2147483647;
			files = (
			);
			runOnlyForDeploymentPostprocessing = 0;
		};
/* End PBXResourcesBuildPhase section */

/* Begin PBXSourcesBuildPhase section */
		39AC0A92291E81F60038CE21 /* Sources */ = {
			isa = PBXSourcesBuildPhase;
			buildActionMask = 2147483647;
			files = (
				39AC0A9C291E81F70038CE21 /* ContentView.swift in Sources */,
				3964FBC9291E874A00110A7C /* BadgeBackground.swift in Sources */,
				39AC0A9A291E81F70038CE21 /* badgeApp.swift in Sources */,
			);
			runOnlyForDeploymentPostprocessing = 0;
		};
		39AC0AA2291E81FB0038CE21 /* Sources */ = {
			isa = PBXSourcesBuildPhase;
			buildActionMask = 2147483647;
			files = (
				39AC0AAB291E81FB0038CE21 /* badgeTests.swift in Sources */,
			);
			runOnlyForDeploymentPostprocessing = 0;
		};
		39AC0AAC291E81FB0038CE21 /* Sources */ = {
			isa = PBXSourcesBuildPhase;
			buildActionMask = 2147483647;
			files = (
				39AC0AB7291E81FB0038CE21 /* badgeUITestsLaunchTests.swift in Sources */,
				39AC0AB5291E81FB0038CE21 /* badgeUITests.swift in Sources */,
			);
			runOnlyForDeploymentPostprocessing = 0;
		};
/* End PBXSourcesBuildPhase section */

/* Begin PBXTargetDependency section */
		39AC0AA8291E81FB0038CE21 /* PBXTargetDependency */ = {
			isa = PBXTargetDependency;
			target = 39AC0A95291E81F60038CE21 /* badge */;
			targetProxy = 39AC0AA7291E81FB0038CE21 /* PBXContainerItemProxy */;
		};
		39AC0AB2291E81FB0038CE21 /* PBXTargetDependency */ = {
			isa = PBXTargetDependency;
			target = 39AC0A95291E81F60038CE21 /* badge */;
			targetProxy = 39AC0AB1291E81FB0038CE21 /* PBXContainerItemProxy */;
		};
/* End PBXTargetDependency section */

/* Begin XCBuildConfiguration section */
		39AC0AB8291E81FB0038CE21 /* Debug */ = {
			isa = XCBuildConfiguration;
			buildSettings = {
				ALWAYS_SEARCH_USER_PATHS = NO;
				CLANG_ANALYZER_NONNULL = YES;
				CLANG_ANALYZER_NUMBER_OBJECT_CONVERSION = YES_AGGRESSIVE;
				CLANG_CXX_LANGUAGE_STANDARD = "gnu++17";
				CLANG_CXX_LIBRARY = "libc++";
				CLANG_ENABLE_MODULES = YES;
				CLANG_ENABLE_OBJC_ARC = YES;
				CLANG_ENABLE_OBJC_WEAK = YES;
				CLANG_WARN_BLOCK_CAPTURE_AUTORELEASING = YES;
				CLANG_WARN_BOOL_CONVERSION = YES;
				CLANG_WARN_COMMA = YES;
				CLANG_WARN_CONSTANT_CONVERSION = YES;
				CLANG_WARN_DEPRECATED_OBJC_IMPLEMENTATIONS = YES;
				CLANG_WARN_DIRECT_OBJC_ISA_USAGE = YES_ERROR;
				CLANG_WARN_DOCUMENTATION_COMMENTS = YES;
				CLANG_WARN_EMPTY_BODY = YES;
				CLANG_WARN_ENUM_CONVERSION = YES;
				CLANG_WARN_INFINITE_RECURSION = YES;
				CLANG_WARN_INT_CONVERSION = YES;
				CLANG_WARN_NON_LITERAL_NULL_CONVERSION = YES;
				CLANG_WARN_OBJC_IMPLICIT_RETAIN_SELF = YES;
				CLANG_WARN_OBJC_LITERAL_CONVERSION = YES;
				CLANG_WARN_OBJC_ROOT_CLASS = YES_ERROR;
				CLANG_WARN_QUOTED_INCLUDE_IN_FRAMEWORK_HEADER = YES;
				CLANG_WARN_RANGE_LOOP_ANALYSIS = YES;
				CLANG_WARN_STRICT_PROTOTYPES = YES;
				CLANG_WARN_SUSPICIOUS_MOVE = YES;
				CLANG_WARN_UNGUARDED_AVAILABILITY = YES_AGGRESSIVE;
				CLANG_WARN_UNREACHABLE_CODE = YES;
				CLANG_WARN__DUPLICATE_METHOD_MATCH = YES;
				COPY_PHASE_STRIP = NO;
				DEBUG_INFORMATION_FORMAT = dwarf;
				ENABLE_STRICT_OBJC_MSGSEND = YES;
				ENABLE_TESTABILITY = YES;
				GCC_C_LANGUAGE_STANDARD = gnu11;
				GCC_DYNAMIC_NO_PIC = NO;
				GCC_NO_COMMON_BLOCKS = YES;
				GCC_OPTIMIZATION_LEVEL = 0;
				GCC_PREPROCESSOR_DEFINITIONS = (
					"DEBUG=1",
					"$(inherited)",
				);
				GCC_WARN_64_TO_32_BIT_CONVERSION = YES;
				GCC_WARN_ABOUT_RETURN_TYPE = YES_ERROR;
				GCC_WARN_UNDECLARED_SELECTOR = YES;
				GCC_WARN_UNINITIALIZED_AUTOS = YES_AGGRESSIVE;
				GCC_WARN_UNUSED_FUNCTION = YES;
				GCC_WARN_UNUSED_VARIABLE = YES;
				IPHONEOS_DEPLOYMENT_TARGET = 15.2;
				MTL_ENABLE_DEBUG_INFO = INCLUDE_SOURCE;
				MTL_FAST_MATH = YES;
				ONLY_ACTIVE_ARCH = YES;
				SDKROOT = iphoneos;
				SWIFT_ACTIVE_COMPILATION_CONDITIONS = DEBUG;
				SWIFT_OPTIMIZATION_LEVEL = "-Onone";
			};
			name = Debug;
		};
		39AC0AB9291E81FB0038CE21 /* Release */ = {
			isa = XCBuildConfiguration;
			buildSettings = {
				ALWAYS_SEARCH_USER_PATHS = NO;
				CLANG_ANALYZER_NONNULL = YES;
				CLANG_ANALYZER_NUMBER_OBJECT_CONVERSION = YES_AGGRESSIVE;
				CLANG_CXX_LANGUAGE_STANDARD = "gnu++17";
				CLANG_CXX_LIBRARY = "libc++";
				CLANG_ENABLE_MODULES = YES;
				CLANG_ENABLE_OBJC_ARC = YES;
				CLANG_ENABLE_OBJC_WEAK = YES;
				CLANG_WARN_BLOCK_CAPTURE_AUTORELEASING = YES;
				CLANG_WARN_BOOL_CONVERSION = YES;
				CLANG_WARN_COMMA = YES;
				CLANG_WARN_CONSTANT_CONVERSION = YES;
				CLANG_WARN_DEPRECATED_OBJC_IMPLEMENTATIONS = YES;
				CLANG_WARN_DIRECT_OBJC_ISA_USAGE = YES_ERROR;
				CLANG_WARN_DOCUMENTATION_COMMENTS = YES;
				CLANG_WARN_EMPTY_BODY = YES;
				CLANG_WARN_ENUM_CONVERSION = YES;
				CLANG_WARN_INFINITE_RECURSION = YES;
				CLANG_WARN_INT_CONVERSION = YES;
				CLANG_WARN_NON_LITERAL_NULL_CONVERSION = YES;
				CLANG_WARN_OBJC_IMPLICIT_RETAIN_SELF = YES;
				CLANG_WARN_OBJC_LITERAL_CONVERSION = YES;
				CLANG_WARN_OBJC_ROOT_CLASS = YES_ERROR;
				CLANG_WARN_QUOTED_INCLUDE_IN_FRAMEWORK_HEADER = YES;
				CLANG_WARN_RANGE_LOOP_ANALYSIS = YES;
				CLANG_WARN_STRICT_PROTOTYPES = YES;
				CLANG_WARN_SUSPICIOUS_MOVE = YES;
				CLANG_WARN_UNGUARDED_AVAILABILITY = YES_AGGRESSIVE;
				CLANG_WARN_UNREACHABLE_CODE = YES;
				CLANG_WARN__DUPLICATE_METHOD_MATCH = YES;
				COPY_PHASE_STRIP = NO;
				DEBUG_INFORMATION_FORMAT = "dwarf-with-dsym";
				ENABLE_NS_ASSERTIONS = NO;
				ENABLE_STRICT_OBJC_MSGSEND = YES;
				GCC_C_LANGUAGE_STANDARD = gnu11;
				GCC_NO_COMMON_BLOCKS = YES;
				GCC_WARN_64_TO_32_BIT_CONVERSION = YES;
				GCC_WARN_ABOUT_RETURN_TYPE = YES_ERROR;
				GCC_WARN_UNDECLARED_SELECTOR = YES;
				GCC_WARN_UNINITIALIZED_AUTOS = YES_AGGRESSIVE;
				GCC_WARN_UNUSED_FUNCTION = YES;
				GCC_WARN_UNUSED_VARIABLE = YES;
				IPHONEOS_DEPLOYMENT_TARGET = 15.2;
				MTL_ENABLE_DEBUG_INFO = NO;
				MTL_FAST_MATH = YES;
				SDKROOT = iphoneos;
				SWIFT_COMPILATION_MODE = wholemodule;
				SWIFT_OPTIMIZATION_LEVEL = "-O";
				VALIDATE_PRODUCT = YES;
			};
			name = Release;
		};
		39AC0ABB291E81FB0038CE21 /* Debug */ = {
			isa = XCBuildConfiguration;
			buildSettings = {
				ASSETCATALOG_COMPILER_APPICON_NAME = AppIcon;
				ASSETCATALOG_COMPILER_GLOBAL_ACCENT_COLOR_NAME = AccentColor;
				CODE_SIGN_STYLE = Automatic;
				CURRENT_PROJECT_VERSION = 1;
				DEVELOPMENT_ASSET_PATHS = "\"badge/Preview Content\"";
				DEVELOPMENT_TEAM = 57C3275WJD;
				ENABLE_PREVIEWS = YES;
				GENERATE_INFOPLIST_FILE = YES;
				INFOPLIST_KEY_UIApplicationSceneManifest_Generation = YES;
				INFOPLIST_KEY_UIApplicationSupportsIndirectInputEvents = YES;
				INFOPLIST_KEY_UILaunchScreen_Generation = YES;
				INFOPLIST_KEY_UISupportedInterfaceOrientations_iPad = "UIInterfaceOrientationPortrait UIInterfaceOrientationPortraitUpsideDown UIInterfaceOrientationLandscapeLeft UIInterfaceOrientationLandscapeRight";
				INFOPLIST_KEY_UISupportedInterfaceOrientations_iPhone = "UIInterfaceOrientationPortrait UIInterfaceOrientationLandscapeLeft UIInterfaceOrientationLandscapeRight";
				LD_RUNPATH_SEARCH_PATHS = (
					"$(inherited)",
					"@executable_path/Frameworks",
				);
				MARKETING_VERSION = 1.0;
				PRODUCT_BUNDLE_IDENTIFIER = kreier.org.badge;
				PRODUCT_NAME = "$(TARGET_NAME)";
				SWIFT_EMIT_LOC_STRINGS = YES;
				SWIFT_VERSION = 5.0;
				TARGETED_DEVICE_FAMILY = "1,2";
			};
			name = Debug;
		};
		39AC0ABC291E81FB0038CE21 /* Release */ = {
			isa = XCBuildConfiguration;
			buildSettings = {
				ASSETCATALOG_COMPILER_APPICON_NAME = AppIcon;
				ASSETCATALOG_COMPILER_GLOBAL_ACCENT_COLOR_NAME = AccentColor;
				CODE_SIGN_STYLE = Automatic;
				CURRENT_PROJECT_VERSION = 1;
				DEVELOPMENT_ASSET_PATHS = "\"badge/Preview Content\"";
				DEVELOPMENT_TEAM = 57C3275WJD;
				ENABLE_PREVIEWS = YES;
				GENERATE_INFOPLIST_FILE = YES;
				INFOPLIST_KEY_UIApplicationSceneManifest_Generation = YES;
				INFOPLIST_KEY_UIApplicationSupportsIndirectInputEvents = YES;
				INFOPLIST_KEY_UILaunchScreen_Generation = YES;
				INFOPLIST_KEY_UISupportedInterfaceOrientations_iPad = "UIInterfaceOrientationPortrait UIInterfaceOrientationPortraitUpsideDown UIInterfaceOrientationLandscapeLeft UIInterfaceOrientationLandscapeRight";
				INFOPLIST_KEY_UISupportedInterfaceOrientations_iPhone = "UIInterfaceOrientationPortrait UIInterfaceOrientationLandscapeLeft UIInterfaceOrientationLandscapeRight";
				LD_RUNPATH_SEARCH_PATHS = (
					"$(inherited)",
					"@executable_path/Frameworks",
				);
				MARKETING_VERSION = 1.0;
				PRODUCT_BUNDLE_IDENTIFIER = kreier.org.badge;
				PRODUCT_NAME = "$(TARGET_NAME)";
				SWIFT_EMIT_LOC_STRINGS = YES;
				SWIFT_VERSION = 5.0;
				TARGETED_DEVICE_FAMILY = "1,2";
			};
			name = Release;
		};
		39AC0ABE291E81FB0038CE21 /* Debug */ = {
			isa = XCBuildConfiguration;
			buildSettings = {
				ALWAYS_EMBED_SWIFT_STANDARD_LIBRARIES = YES;
				BUNDLE_LOADER = "$(TEST_HOST)";
				CODE_SIGN_STYLE = Automatic;
				CURRENT_PROJECT_VERSION = 1;
				DEVELOPMENT_TEAM = 57C3275WJD;
				GENERATE_INFOPLIST_FILE = YES;
				IPHONEOS_DEPLOYMENT_TARGET = 15.2;
				MARKETING_VERSION = 1.0;
				PRODUCT_BUNDLE_IDENTIFIER = kreier.org.badgeTests;
				PRODUCT_NAME = "$(TARGET_NAME)";
				SWIFT_EMIT_LOC_STRINGS = NO;
				SWIFT_VERSION = 5.0;
				TARGETED_DEVICE_FAMILY = "1,2";
				TEST_HOST = "$(BUILT_PRODUCTS_DIR)/badge.app/badge";
			};
			name = Debug;
		};
		39AC0ABF291E81FB0038CE21 /* Release */ = {
			isa = XCBuildConfiguration;
			buildSettings = {
				ALWAYS_EMBED_SWIFT_STANDARD_LIBRARIES = YES;
				BUNDLE_LOADER = "$(TEST_HOST)";
				CODE_SIGN_STYLE = Automatic;
				CURRENT_PROJECT_VERSION = 1;
				DEVELOPMENT_TEAM = 57C3275WJD;
				GENERATE_INFOPLIST_FILE = YES;
				IPHONEOS_DEPLOYMENT_TARGET = 15.2;
				MARKETING_VERSION = 1.0;
				PRODUCT_BUNDLE_IDENTIFIER = kreier.org.badgeTests;
				PRODUCT_NAME = "$(TARGET_NAME)";
				SWIFT_EMIT_LOC_STRINGS = NO;
				SWIFT_VERSION = 5.0;
				TARGETED_DEVICE_FAMILY = "1,2";
				TEST_HOST = "$(BUILT_PRODUCTS_DIR)/badge.app/badge";
			};
			name = Release;
		};
		39AC0AC1291E81FB0038CE21 /* Debug */ = {
			isa = XCBuildConfiguration;
			buildSettings = {
				ALWAYS_EMBED_SWIFT_STANDARD_LIBRARIES = YES;
				CODE_SIGN_STYLE = Automatic;
				CURRENT_PROJECT_VERSION = 1;
				DEVELOPMENT_TEAM = 57C3275WJD;
				GENERATE_INFOPLIST_FILE = YES;
				MARKETING_VERSION = 1.0;
				PRODUCT_BUNDLE_IDENTIFIER = kreier.org.badgeUITests;
				PRODUCT_NAME = "$(TARGET_NAME)";
				SWIFT_EMIT_LOC_STRINGS = NO;
				SWIFT_VERSION = 5.0;
				TARGETED_DEVICE_FAMILY = "1,2";
				TEST_TARGET_NAME = badge;
			};
			name = Debug;
		};
		39AC0AC2291E81FB0038CE21 /* Release */ = {
			isa = XCBuildConfiguration;
			buildSettings = {
				ALWAYS_EMBED_SWIFT_STANDARD_LIBRARIES = YES;
				CODE_SIGN_STYLE = Automatic;
				CURRENT_PROJECT_VERSION = 1;
				DEVELOPMENT_TEAM = 57C3275WJD;
				GENERATE_INFOPLIST_FILE = YES;
				MARKETING_VERSION = 1.0;
				PRODUCT_BUNDLE_IDENTIFIER = kreier.org.badgeUITests;
				PRODUCT_NAME = "$(TARGET_NAME)";
				SWIFT_EMIT_LOC_STRINGS = NO;
				SWIFT_VERSION = 5.0;
				TARGETED_DEVICE_FAMILY = "1,2";
				TEST_TARGET_NAME = badge;
			};
			name = Release;
		};
/* End XCBuildConfiguration section */

/* Begin XCConfigurationList section */
		39AC0A91291E81F60038CE21 /* Build configuration list for PBXProject "badge" */ = {
			isa = XCConfigurationList;
			buildConfigurations = (
				39AC0AB8291E81FB0038CE21 /* Debug */,
				39AC0AB9291E81FB0038CE21 /* Release */,
			);
			defaultConfigurationIsVisible = 0;
			defaultConfigurationName = Release;
		};
		39AC0ABA291E81FB0038CE21 /* Build configuration list for PBXNativeTarget "badge" */ = {
			isa = XCConfigurationList;
			buildConfigurations = (
				39AC0ABB291E81FB0038CE21 /* Debug */,
				39AC0ABC291E81FB0038CE21 /* Release */,
			);
			defaultConfigurationIsVisible = 0;
			defaultConfigurationName = Release;
		};
		39AC0ABD291E81FB0038CE21 /* Build configuration list for PBXNativeTarget "badgeTests" */ = {
			isa = XCConfigurationList;
			buildConfigurations = (
				39AC0ABE291E81FB0038CE21 /* Debug */,
				39AC0ABF291E81FB0038CE21 /* Release */,
			);
			defaultConfigurationIsVisible = 0;
			defaultConfigurationName = Release;
		};
		39AC0AC0291E81FB0038CE21 /* Build configuration list for PBXNativeTarget "badgeUITests" */ = {
			isa = XCConfigurationList;
			buildConfigurations = (
				39AC0AC1291E81FB0038CE21 /* Debug */,
				39AC0AC2291E81FB0038CE21 /* Release */,
			);
			defaultConfigurationIsVisible = 0;
			defaultConfigurationName = Release;
		};
/* End XCConfigurationList section */
	};
	rootObject = 39AC0A8E291E81F60038CE21 /* Project object */;
}
